
Microsoft Visual Studio Solution File, Format Version 12.00
# Visual Studio Version 16
VisualStudioVersion = 16.0.30717.126
MinimumVisualStudioVersion = 10.0.40219.1
Project("{FAE04EC0-301F-11D3-BF4B-00C04F79EFBC}") = "Managers", "Manager\Managers.csproj", "{B4A6B5D1-880C-4A35-AF7A-61DD037E4C40}"
EndProject
Project("{FAE04EC0-301F-11D3-BF4B-00C04F79EFBC}") = "Shops", "Client\Shops.csproj", "{71B7BD9C-6856-44CF-BBC7-E8D9D42710E9}"
EndProject
Project("{FAE04EC0-301F-11D3-BF4B-00C04F79EFBC}") = "Helpers", "Helpers\Helpers.csproj", "{555C4E00-1FE2-499D-AB15-813EC401B2A1}"
EndProject
Global
	GlobalSection(SolutionConfigurationPlatforms) = preSolution
		Debug|Any CPU = Debug|Any CPU
		Release|Any CPU = Release|Any CPU
	EndGlobalSection
	GlobalSection(ProjectConfigurationPlatforms) = postSolution
		{B4A6B5D1-880C-4A35-AF7A-61DD037E4C40}.Debug|Any CPU.ActiveCfg = Debug|Any CPU
		{B4A6B5D1-880C-4A35-AF7A-61DD037E4C40}.Debug|Any CPU.Build.0 = Debug|Any CPU
		{B4A6B5D1-880C-4A35-AF7A-61DD037E4C40}.Release|Any CPU.ActiveCfg = Release|Any CPU
		{B4A6B5D1-880C-4A35-AF7A-61DD037E4C40}.Release|Any CPU.Build.0 = Release|Any CPU
		{71B7BD9C-6856-44CF-BBC7-E8D9D42710E9}.Debug|Any CPU.ActiveCfg = Debug|Any CPU
		{71B7BD9C-6856-44CF-BBC7-E8D9D42710E9}.Debug|Any CPU.Build.0 = Debug|Any CPU
		{71B7BD9C-6856-44CF-BBC7-E8D9D42710E9}.Release|Any CPU.ActiveCfg = Release|Any CPU
		{71B7BD9C-6856-44CF-BBC7-E8D9D42710E9}.Release|Any CPU.Build.0 = Release|Any CPU
		{555C4E00-1FE2-499D-AB15-813EC401B2A1}.Debug|Any CPU.ActiveCfg = Debug|Any CPU
		{555C4E00-1FE2-499D-AB15-813EC401B2A1}.Debug|Any CPU.Build.0 = Debug|Any CPU
		{555C4E00-1FE2-499D-AB15-813EC401B2A1}.Release|Any CPU.ActiveCfg = Release|Any CPU
		{555C4E00-1FE2-499D-AB15-813EC401B2A1}.Release|Any CPU.Build.0 = Release|Any CPU
	EndGlobalSection
	GlobalSection(SolutionProperties) = preSolution
		HideSolutionNode = FALSE
	EndGlobalSection
	GlobalSection(ExtensibilityGlobals) = postSolution
		SolutionGuid = {1D2656C8-826A-450A-9A65-9E0F264E8A09}
	EndGlobalSection
EndGlobal
